
Microsoft Visual Studio Solution File, Format Version 12.00
# Visual Studio Version 17
VisualStudioVersion = 17.4.33205.214
MinimumVisualStudioVersion = 10.0.40219.1
Project("{FAE04EC0-301F-11D3-BF4B-00C04F79EFBC}") = "TicTacToeGames", "TicTacToeGames.csproj", "{C86C90BF-0AB9-493C-9373-49F007F0B9DF}"
EndProject
Global
	GlobalSection(SolutionConfigurationPlatforms) = preSolution
		Debug|Any CPU = Debug|Any CPU
		Release|Any CPU = Release|Any CPU
	EndGlobalSection
	GlobalSection(ProjectConfigurationPlatforms) = postSolution
		{C86C90BF-0AB9-493C-9373-49F007F0B9DF}.Debug|Any CPU.ActiveCfg = Debug|Any CPU
		{C86C90BF-0AB9-493C-9373-49F007F0B9DF}.Debug|Any CPU.Build.0 = Debug|Any CPU
		{C86C90BF-0AB9-493C-9373-49F007F0B9DF}.Release|Any CPU.ActiveCfg = Release|Any CPU
		{C86C90BF-0AB9-493C-9373-49F007F0B9DF}.Release|Any CPU.Build.0 = Release|Any CPU
	EndGlobalSection
	GlobalSection(SolutionProperties) = preSolution
		HideSolutionNode = FALSE
	EndGlobalSection
	GlobalSection(ExtensibilityGlobals) = postSolution
		SolutionGuid = {1C54491E-BD85-4BD8-AC8C-A9D22E29FB2D}
	EndGlobalSection
EndGlobal
